
Microsoft Visual Studio Solution File, Format Version 12.00
# Visual Studio Version 17
VisualStudioVersion = 17.14.36908.2 d17.14
MinimumVisualStudioVersion = 10.0.40219.1
Project("{8BC9CEB8-8B4A-11D0-8D11-00A0C91BC942}") = "HW1CSCE612", "HW1CSCE612\HW1CSCE612.vcxproj", "{8D2792D4-A258-4969-BF37-2D942AAE416E}"
EndProject
Global
	GlobalSection(SolutionConfigurationPlatforms) = preSolution
		Debug|x64 = Debug|x64
		Debug|x86 = Debug|x86
		Release|x64 = Release|x64
		Release|x86 = Release|x86
	EndGlobalSection
	GlobalSection(ProjectConfigurationPlatforms) = postSolution
		{8D2792D4-A258-4969-BF37-2D942AAE416E}.Debug|x64.ActiveCfg = Debug|x64
		{8D2792D4-A258-4969-BF37-2D942AAE416E}.Debug|x64.Build.0 = Debug|x64
		{8D2792D4-A258-4969-BF37-2D942AAE416E}.Debug|x86.ActiveCfg = Debug|Win32
		{8D2792D4-A258-4969-BF37-2D942AAE416E}.Debug|x86.Build.0 = Debug|Win32
		{8D2792D4-A258-4969-BF37-2D942AAE416E}.Release|x64.ActiveCfg = Release|x64
		{8D2792D4-A258-4969-BF37-2D942AAE416E}.Release|x64.Build.0 = Release|x64
		{8D2792D4-A258-4969-BF37-2D942AAE416E}.Release|x86.ActiveCfg = Release|Win32
		{8D2792D4-A258-4969-BF37-2D942AAE416E}.Release|x86.Build.0 = Release|Win32
	EndGlobalSection
	GlobalSection(SolutionProperties) = preSolution
		HideSolutionNode = FALSE
	EndGlobalSection
	GlobalSection(ExtensibilityGlobals) = postSolution
		SolutionGuid = {2B64DA06-56DB-41BE-9190-9C729C356F44}
	EndGlobalSection
EndGlobal
