
Microsoft Visual Studio Solution File, Format Version 12.00
# Visual Studio Version 17
VisualStudioVersion = 17.14.36908.2 d17.14
MinimumVisualStudioVersion = 10.0.40219.1
Project("{8BC9CEB8-8B4A-11D0-8D11-00A0C91BC942}") = "HW2CSCE612", "HW2CSCE612.vcxproj", "{BEEE0A98-09A7-4448-BED4-9743A6404EF0}"
EndProject
Global
	GlobalSection(SolutionConfigurationPlatforms) = preSolution
		Debug|x64 = Debug|x64
		Debug|x86 = Debug|x86
		Release|x64 = Release|x64
		Release|x86 = Release|x86
	EndGlobalSection
	GlobalSection(ProjectConfigurationPlatforms) = postSolution
		{BEEE0A98-09A7-4448-BED4-9743A6404EF0}.Debug|x64.ActiveCfg = Debug|x64
		{BEEE0A98-09A7-4448-BED4-9743A6404EF0}.Debug|x64.Build.0 = Debug|x64
		{BEEE0A98-09A7-4448-BED4-9743A6404EF0}.Debug|x86.ActiveCfg = Debug|Win32
		{BEEE0A98-09A7-4448-BED4-9743A6404EF0}.Debug|x86.Build.0 = Debug|Win32
		{BEEE0A98-09A7-4448-BED4-9743A6404EF0}.Release|x64.ActiveCfg = Release|x64
		{BEEE0A98-09A7-4448-BED4-9743A6404EF0}.Release|x64.Build.0 = Release|x64
		{BEEE0A98-09A7-4448-BED4-9743A6404EF0}.Release|x86.ActiveCfg = Release|Win32
		{BEEE0A98-09A7-4448-BED4-9743A6404EF0}.Release|x86.Build.0 = Release|Win32
	EndGlobalSection
	GlobalSection(SolutionProperties) = preSolution
		HideSolutionNode = FALSE
	EndGlobalSection
	GlobalSection(ExtensibilityGlobals) = postSolution
		SolutionGuid = {E10D4125-FC70-4647-8775-5483FC8598A8}
	EndGlobalSection
EndGlobal
